Microsoft Visual Studio Solution File, Format Version 12.00
# Visual Studio Version 17
VisualStudioVersion = 17.6.33829.357
MinimumVisualStudioVersion = 15.0.26124.0
Project("{2150E333-8FDC-42A3-9474-1A3956D46DE8}") = "Solution Items", "Solution Items", "{6129A8E7-8206-4B3E-8244-45BD43132D20}"
	ProjectSection(SolutionItems) = preProject
		..\README.md = ..\README.md
		User manual.md = User manual.md
	EndProjectSection
EndProject
Project("{9A19103F-16F7-4668-BE54-9A1E7A4F7556}") = "Adr.Cli", "Adr.Cli\Adr.Cli.csproj", "{1E08728F-7D12-4D0A-AE40-BE7F9953C90D}"
EndProject
Project("{9A19103F-16F7-4668-BE54-9A1E7A4F7556}") = "Adr.Cli.UnitTests", "Adr.Cli.UnitTests\Adr.Cli.UnitTests.csproj", "{C0C196CF-5688-4D3B-A870-26D23B3AE0A3}"
EndProject
Project("{2150E333-8FDC-42A3-9474-1A3956D46DE8}") = "Architecture Decision Records", "Architecture Decision Records", "{637C3650-6EFB-49E1-B6F3-7051F1107985}"
EndProject
Project("{2150E333-8FDC-42A3-9474-1A3956D46DE8}") = "Namespace Validator", "Namespace Validator", "{77CDC7FA-E89C-42B6-8E36-410A1B29161D}"
EndProject
Project("{FAE04EC0-301F-11D3-BF4B-00C04F79EFBC}") = "CodeValidate", "CodeValidate\CodeValidate.csproj", "{336B51E9-46A1-42D4-B8F7-4CADE966B0FA}"
EndProject
Global
	GlobalSection(SolutionConfigurationPlatforms) = preSolution
		Debug|Any CPU = Debug|Any CPU
		Debug|ARM64 = Debug|ARM64
		Debug|x64 = Debug|x64
		Debug|x86 = Debug|x86
		Release|Any CPU = Release|Any CPU
		Release|ARM64 = Release|ARM64
		Release|x64 = Release|x64
		Release|x86 = Release|x86
	EndGlobalSection
	GlobalSection(ProjectConfigurationPlatforms) = postSolution
		{1E08728F-7D12-4D0A-AE40-BE7F9953C90D}.Debug|Any CPU.ActiveCfg = Debug|Any CPU
		{1E08728F-7D12-4D0A-AE40-BE7F9953C90D}.Debug|Any CPU.Build.0 = Debug|Any CPU
		{1E08728F-7D12-4D0A-AE40-BE7F9953C90D}.Debug|ARM64.ActiveCfg = Debug|Any CPU
		{1E08728F-7D12-4D0A-AE40-BE7F9953C90D}.Debug|ARM64.Build.0 = Debug|Any CPU
		{1E08728F-7D12-4D0A-AE40-BE7F9953C90D}.Debug|x64.ActiveCfg = Debug|Any CPU
		{1E08728F-7D12-4D0A-AE40-BE7F9953C90D}.Debug|x64.Build.0 = Debug|Any CPU
		{1E08728F-7D12-4D0A-AE40-BE7F9953C90D}.Debug|x86.ActiveCfg = Debug|Any CPU
		{1E08728F-7D12-4D0A-AE40-BE7F9953C90D}.Debug|x86.Build.0 = Debug|Any CPU
		{1E08728F-7D12-4D0A-AE40-BE7F9953C90D}.Release|Any CPU.ActiveCfg = Release|Any CPU
		{1E08728F-7D12-4D0A-AE40-BE7F9953C90D}.Release|Any CPU.Build.0 = Release|Any CPU
		{1E08728F-7D12-4D0A-AE40-BE7F9953C90D}.Release|ARM64.ActiveCfg = Release|Any CPU
		{1E08728F-7D12-4D0A-AE40-BE7F9953C90D}.Release|ARM64.Build.0 = Release|Any CPU
		{1E08728F-7D12-4D0A-AE40-BE7F9953C90D}.Release|x64.ActiveCfg = Release|Any CPU
		{1E08728F-7D12-4D0A-AE40-BE7F9953C90D}.Release|x64.Build.0 = Release|Any CPU
		{1E08728F-7D12-4D0A-AE40-BE7F9953C90D}.Release|x86.ActiveCfg = Release|Any CPU
		{1E08728F-7D12-4D0A-AE40-BE7F9953C90D}.Release|x86.Build.0 = Release|Any CPU
		{C0C196CF-5688-4D3B-A870-26D23B3AE0A3}.Debug|Any CPU.ActiveCfg = Debug|Any CPU
		{C0C196CF-5688-4D3B-A870-26D23B3AE0A3}.Debug|Any CPU.Build.0 = Debug|Any CPU
		{C0C196CF-5688-4D3B-A870-26D23B3AE0A3}.Debug|ARM64.ActiveCfg = Debug|Any CPU
		{C0C196CF-5688-4D3B-A870-26D23B3AE0A3}.Debug|ARM64.Build.0 = Debug|Any CPU
		{C0C196CF-5688-4D3B-A870-26D23B3AE0A3}.Debug|x64.ActiveCfg = Debug|Any CPU
		{C0C196CF-5688-4D3B-A870-26D23B3AE0A3}.Debug|x64.Build.0 = Debug|Any CPU
		{C0C196CF-5688-4D3B-A870-26D23B3AE0A3}.Debug|x86.ActiveCfg = Debug|Any CPU
		{C0C196CF-5688-4D3B-A870-26D23B3AE0A3}.Debug|x86.Build.0 = Debug|Any CPU
		{C0C196CF-5688-4D3B-A870-26D23B3AE0A3}.Release|Any CPU.ActiveCfg = Release|Any CPU
		{C0C196CF-5688-4D3B-A870-26D23B3AE0A3}.Release|Any CPU.Build.0 = Release|Any CPU
		{C0C196CF-5688-4D3B-A870-26D23B3AE0A3}.Release|ARM64.ActiveCfg = Release|Any CPU
		{C0C196CF-5688-4D3B-A870-26D23B3AE0A3}.Release|ARM64.Build.0 = Release|Any CPU
		{C0C196CF-5688-4D3B-A870-26D23B3AE0A3}.Release|x64.ActiveCfg = Release|Any CPU
		{C0C196CF-5688-4D3B-A870-26D23B3AE0A3}.Release|x64.Build.0 = Release|Any CPU
		{C0C196CF-5688-4D3B-A870-26D23B3AE0A3}.Release|x86.ActiveCfg = Release|Any CPU
		{C0C196CF-5688-4D3B-A870-26D23B3AE0A3}.Release|x86.Build.0 = Release|Any CPU
		{336B51E9-46A1-42D4-B8F7-4CADE966B0FA}.Debug|Any CPU.ActiveCfg = Debug|Any CPU
		{336B51E9-46A1-42D4-B8F7-4CADE966B0FA}.Debug|Any CPU.Build.0 = Debug|Any CPU
		{336B51E9-46A1-42D4-B8F7-4CADE966B0FA}.Debug|ARM64.ActiveCfg = Debug|Any CPU
		{336B51E9-46A1-42D4-B8F7-4CADE966B0FA}.Debug|ARM64.Build.0 = Debug|Any CPU
		{336B51E9-46A1-42D4-B8F7-4CADE966B0FA}.Debug|x64.ActiveCfg = Debug|Any CPU
		{336B51E9-46A1-42D4-B8F7-4CADE966B0FA}.Debug|x64.Build.0 = Debug|Any CPU
		{336B51E9-46A1-42D4-B8F7-4CADE966B0FA}.Debug|x86.ActiveCfg = Debug|Any CPU
		{336B51E9-46A1-42D4-B8F7-4CADE966B0FA}.Debug|x86.Build.0 = Debug|Any CPU
		{336B51E9-46A1-42D4-B8F7-4CADE966B0FA}.Release|Any CPU.ActiveCfg = Release|Any CPU
		{336B51E9-46A1-42D4-B8F7-4CADE966B0FA}.Release|Any CPU.Build.0 = Release|Any CPU
		{336B51E9-46A1-42D4-B8F7-4CADE966B0FA}.Release|ARM64.ActiveCfg = Release|Any CPU
		{336B51E9-46A1-42D4-B8F7-4CADE966B0FA}.Release|ARM64.Build.0 = Release|Any CPU
		{336B51E9-46A1-42D4-B8F7-4CADE966B0FA}.Release|x64.ActiveCfg = Release|Any CPU
		{336B51E9-46A1-42D4-B8F7-4CADE966B0FA}.Release|x64.Build.0 = Release|Any CPU
		{336B51E9-46A1-42D4-B8F7-4CADE966B0FA}.Release|x86.ActiveCfg = Release|Any CPU
		{336B51E9-46A1-42D4-B8F7-4CADE966B0FA}.Release|x86.Build.0 = Release|Any CPU
	EndGlobalSection
	GlobalSection(SolutionProperties) = preSolution
		HideSolutionNode = FALSE
	EndGlobalSection
	GlobalSection(NestedProjects) = preSolution
		{1E08728F-7D12-4D0A-AE40-BE7F9953C90D} = {637C3650-6EFB-49E1-B6F3-7051F1107985}
		{C0C196CF-5688-4D3B-A870-26D23B3AE0A3} = {637C3650-6EFB-49E1-B6F3-7051F1107985}
		{336B51E9-46A1-42D4-B8F7-4CADE966B0FA} = {77CDC7FA-E89C-42B6-8E36-410A1B29161D}
	EndGlobalSection
	GlobalSection(ExtensibilityGlobals) = postSolution
		SolutionGuid = {9906F985-5FBF-4749-8590-67E9A6D39B6C}
	EndGlobalSection
EndGlobal
